
Microsoft Visual Studio Solution File, Format Version 12.00
# Visual Studio 14
VisualStudioVersion = 14.0.25420.1
MinimumVisualStudioVersion = 10.0.40219.1
Project("{FAE04EC0-301F-11D3-BF4B-00C04F79EFBC}") = "HIS.Editor", "HIS.Editor\HIS.Editor.csproj", "{1B960184-59A8-423E-85D3-1FB1A92BB126}"
EndProject
Project("{FAE04EC0-301F-11D3-BF4B-00C04F79EFBC}") = "HIS.WebApi.Auth", "HIS.WebApi.Auth\HIS.WebApi.Auth.csproj", "{CEC0AB76-0843-41A8-B1CF-248B046486C8}"
EndProject
Project("{FAE04EC0-301F-11D3-BF4B-00C04F79EFBC}") = "HIS.Preview", "HIS.Preview\HIS.Preview.csproj", "{2DA11C97-0B36-4673-9AFC-4479FDFAE389}"
EndProject
Project("{FAE04EC0-301F-11D3-BF4B-00C04F79EFBC}") = "HIS.InformationServer", "HIS.InformationServer\HIS.InformationServer.csproj", "{B7AB0C5B-E5BF-48DF-A963-9C6B6BE12398}"
EndProject
Project("{2150E333-8FDC-42A3-9474-1A3956D46DE8}") = "WebApi", "WebApi", "{0A9D6872-4F74-4E7F-A8AC-38A83E74313C}"
EndProject
Project("{FAE04EC0-301F-11D3-BF4B-00C04F79EFBC}") = "HIS.WebApi.Auth.MsSql", "HIS.WebApi.Auth.MsSql\HIS.WebApi.Auth.MsSql.csproj", "{B8FF072A-C2D6-4DB8-B8CD-98D2ECD64E1F}"
EndProject
Project("{FAE04EC0-301F-11D3-BF4B-00C04F79EFBC}") = "HIS.WebApi.Auth.MsSql.Test", "HIS.WebApi.Auth.MsSql.Test\HIS.WebApi.Auth.MsSql.Test.csproj", "{F64BAFCD-66BE-484B-A64E-C687D27C1359}"
EndProject
Project("{2150E333-8FDC-42A3-9474-1A3956D46DE8}") = "Onion", "Onion", "{B59407EE-9A82-4045-A02F-EDE2B5693E44}"
EndProject
Project("{2150E333-8FDC-42A3-9474-1A3956D46DE8}") = "Testing", "Testing", "{26AA029F-0DAD-4E90-A09C-21012E4F9AA4}"
EndProject
Project("{FAE04EC0-301F-11D3-BF4B-00C04F79EFBC}") = "HIS.Testing.EF", "HIS.Testing.Base\HIS.Testing.EF.csproj", "{CFCC12C5-6469-47E5-BAC3-6EB89C8EFA7C}"
EndProject
Project("{2150E333-8FDC-42A3-9474-1A3956D46DE8}") = "Helpers", "Helpers", "{53BB308D-5C44-4031-8F75-5AFBB1BCA885}"
EndProject
Project("{2150E333-8FDC-42A3-9474-1A3956D46DE8}") = "SecretStore", "SecretStore", "{AF6E5F88-7B21-498C-B949-C77A0FFF1009}"
EndProject
Project("{2150E333-8FDC-42A3-9474-1A3956D46DE8}") = "AuthServer", "AuthServer", "{B91EE3C9-B1AE-42A3-A04E-2EC13E0D20C3}"
EndProject
Project("{FAE04EC0-301F-11D3-BF4B-00C04F79EFBC}") = "HIS.WebApi.Clients.SecretStore", "HIS.WebApi.Clients.SecretStore\HIS.WebApi.Clients.SecretStore.csproj", "{8C0448B0-C273-4DD9-ADF2-26448C087511}"
EndProject
Project("{FAE04EC0-301F-11D3-BF4B-00C04F79EFBC}") = "HIS.Helpers", "HIS.Helpers\HIS.Helpers.csproj", "{92F4E68B-353C-4301-8558-F2C87176CEDD}"
EndProject
Project("{FAE04EC0-301F-11D3-BF4B-00C04F79EFBC}") = "HIS.Helpers.Test", "HIS.Helpers.Test\HIS.Helpers.Test.csproj", "{716966AB-829E-4599-86CB-D29D2C66D3DF}"
EndProject
Project("{FAE04EC0-301F-11D3-BF4B-00C04F79EFBC}") = "HIS.WebApi.Clients.SecretStore.Test", "HIS.WebApi.Clients.SecretStore.Test\HIS.WebApi.Clients.SecretStore.Test.csproj", "{5FC096D4-69AE-449C-BEFF-55015865FBB9}"
EndProject
Project("{8BB2217D-0F2D-49D1-97BC-3654ED321F3B}") = "HIS.WebApi.SecretStore.V2", "HIS.WebApi.SecretStore.V2\HIS.WebApi.SecretStore.V2.xproj", "{F70902F8-B39D-4927-94E5-AD987AD868F2}"
EndProject
Project("{FAE04EC0-301F-11D3-BF4B-00C04F79EFBC}") = "HIS.Helpers.WebApi", "HIS.Helpers.WebApi\HIS.Helpers.WebApi.csproj", "{8477A1DA-A77E-4B48-9841-8020D0A565F0}"
EndProject
Project("{8BB2217D-0F2D-49D1-97BC-3654ED321F3B}") = "HIS.WebApi.SecretStore.V2.Test", "HIS.WebApi.SecretStore.V2.Test\HIS.WebApi.SecretStore.V2.Test.xproj", "{1FE5D5A2-F193-4605-BAA4-89FB64FD581E}"
EndProject
Project("{FAE04EC0-301F-11D3-BF4B-00C04F79EFBC}") = "HIS.WebApi.Auth.Data", "HIS.WebApi.Auth.Data\HIS.WebApi.Auth.Data.csproj", "{62039827-AB52-491D-9B73-BA1B6CBDF2B4}"
EndProject
Project("{2150E333-8FDC-42A3-9474-1A3956D46DE8}") = "RefreshTokenStore", "RefreshTokenStore", "{36DF867F-6D0F-4851-88C5-85056264C4F7}"
EndProject
Project("{8BB2217D-0F2D-49D1-97BC-3654ED321F3B}") = "HIS.WebApi.RefreshTokenStore", "HIS.WebApi.RefreshTokenStore\HIS.WebApi.RefreshTokenStore.xproj", "{A5B02236-69F4-4BC9-BEBE-1727B9EBF888}"
EndProject
Project("{8BB2217D-0F2D-49D1-97BC-3654ED321F3B}") = "HIS.WebApi.Auth.Core", "HIS.WebApi.Auth.V2\HIS.WebApi.Auth.Core.xproj", "{04742004-C276-4BC1-B6CD-388C682DF28A}"
EndProject
Global
	GlobalSection(SolutionConfigurationPlatforms) = preSolution
		Debug|Any CPU = Debug|Any CPU
		Debug|ARM = Debug|ARM
		Debug|x64 = Debug|x64
		Debug|x86 = Debug|x86
		Release|Any CPU = Release|Any CPU
		Release|ARM = Release|ARM
		Release|x64 = Release|x64
		Release|x86 = Release|x86
	EndGlobalSection
	GlobalSection(ProjectConfigurationPlatforms) = postSolution
		{1B960184-59A8-423E-85D3-1FB1A92BB126}.Debug|Any CPU.ActiveCfg = Debug|Any CPU
		{1B960184-59A8-423E-85D3-1FB1A92BB126}.Debug|Any CPU.Build.0 = Debug|Any CPU
		{1B960184-59A8-423E-85D3-1FB1A92BB126}.Debug|ARM.ActiveCfg = Debug|Any CPU
		{1B960184-59A8-423E-85D3-1FB1A92BB126}.Debug|ARM.Build.0 = Debug|Any CPU
		{1B960184-59A8-423E-85D3-1FB1A92BB126}.Debug|x64.ActiveCfg = Debug|Any CPU
		{1B960184-59A8-423E-85D3-1FB1A92BB126}.Debug|x64.Build.0 = Debug|Any CPU
		{1B960184-59A8-423E-85D3-1FB1A92BB126}.Debug|x86.ActiveCfg = Debug|Any CPU
		{1B960184-59A8-423E-85D3-1FB1A92BB126}.Debug|x86.Build.0 = Debug|Any CPU
		{1B960184-59A8-423E-85D3-1FB1A92BB126}.Release|Any CPU.ActiveCfg = Release|Any CPU
		{1B960184-59A8-423E-85D3-1FB1A92BB126}.Release|Any CPU.Build.0 = Release|Any CPU
		{1B960184-59A8-423E-85D3-1FB1A92BB126}.Release|ARM.ActiveCfg = Release|Any CPU
		{1B960184-59A8-423E-85D3-1FB1A92BB126}.Release|ARM.Build.0 = Release|Any CPU
		{1B960184-59A8-423E-85D3-1FB1A92BB126}.Release|x64.ActiveCfg = Release|Any CPU
		{1B960184-59A8-423E-85D3-1FB1A92BB126}.Release|x64.Build.0 = Release|Any CPU
		{1B960184-59A8-423E-85D3-1FB1A92BB126}.Release|x86.ActiveCfg = Release|Any CPU
		{1B960184-59A8-423E-85D3-1FB1A92BB126}.Release|x86.Build.0 = Release|Any CPU
		{CEC0AB76-0843-41A8-B1CF-248B046486C8}.Debug|Any CPU.ActiveCfg = Debug|Any CPU
		{CEC0AB76-0843-41A8-B1CF-248B046486C8}.Debug|Any CPU.Build.0 = Debug|Any CPU
		{CEC0AB76-0843-41A8-B1CF-248B046486C8}.Debug|ARM.ActiveCfg = Debug|Any CPU
		{CEC0AB76-0843-41A8-B1CF-248B046486C8}.Debug|ARM.Build.0 = Debug|Any CPU
		{CEC0AB76-0843-41A8-B1CF-248B046486C8}.Debug|x64.ActiveCfg = Debug|Any CPU
		{CEC0AB76-0843-41A8-B1CF-248B046486C8}.Debug|x64.Build.0 = Debug|Any CPU
		{CEC0AB76-0843-41A8-B1CF-248B046486C8}.Debug|x86.ActiveCfg = Debug|Any CPU
		{CEC0AB76-0843-41A8-B1CF-248B046486C8}.Debug|x86.Build.0 = Debug|Any CPU
		{CEC0AB76-0843-41A8-B1CF-248B046486C8}.Release|Any CPU.ActiveCfg = Release|Any CPU
		{CEC0AB76-0843-41A8-B1CF-248B046486C8}.Release|Any CPU.Build.0 = Release|Any CPU
		{CEC0AB76-0843-41A8-B1CF-248B046486C8}.Release|ARM.ActiveCfg = Release|Any CPU
		{CEC0AB76-0843-41A8-B1CF-248B046486C8}.Release|ARM.Build.0 = Release|Any CPU
		{CEC0AB76-0843-41A8-B1CF-248B046486C8}.Release|x64.ActiveCfg = Release|Any CPU
		{CEC0AB76-0843-41A8-B1CF-248B046486C8}.Release|x64.Build.0 = Release|Any CPU
		{CEC0AB76-0843-41A8-B1CF-248B046486C8}.Release|x86.ActiveCfg = Release|Any CPU
		{CEC0AB76-0843-41A8-B1CF-248B046486C8}.Release|x86.Build.0 = Release|Any CPU
		{2DA11C97-0B36-4673-9AFC-4479FDFAE389}.Debug|Any CPU.ActiveCfg = Debug|Any CPU
		{2DA11C97-0B36-4673-9AFC-4479FDFAE389}.Debug|Any CPU.Build.0 = Debug|Any CPU
		{2DA11C97-0B36-4673-9AFC-4479FDFAE389}.Debug|ARM.ActiveCfg = Debug|Any CPU
		{2DA11C97-0B36-4673-9AFC-4479FDFAE389}.Debug|ARM.Build.0 = Debug|Any CPU
		{2DA11C97-0B36-4673-9AFC-4479FDFAE389}.Debug|x64.ActiveCfg = Debug|Any CPU
		{2DA11C97-0B36-4673-9AFC-4479FDFAE389}.Debug|x64.Build.0 = Debug|Any CPU
		{2DA11C97-0B36-4673-9AFC-4479FDFAE389}.Debug|x86.ActiveCfg = Debug|Any CPU
		{2DA11C97-0B36-4673-9AFC-4479FDFAE389}.Debug|x86.Build.0 = Debug|Any CPU
		{2DA11C97-0B36-4673-9AFC-4479FDFAE389}.Release|Any CPU.ActiveCfg = Release|Any CPU
		{2DA11C97-0B36-4673-9AFC-4479FDFAE389}.Release|Any CPU.Build.0 = Release|Any CPU
		{2DA11C97-0B36-4673-9AFC-4479FDFAE389}.Release|ARM.ActiveCfg = Release|Any CPU
		{2DA11C97-0B36-4673-9AFC-4479FDFAE389}.Release|ARM.Build.0 = Release|Any CPU
		{2DA11C97-0B36-4673-9AFC-4479FDFAE389}.Release|x64.ActiveCfg = Release|Any CPU
		{2DA11C97-0B36-4673-9AFC-4479FDFAE389}.Release|x64.Build.0 = Release|Any CPU
		{2DA11C97-0B36-4673-9AFC-4479FDFAE389}.Release|x86.ActiveCfg = Release|Any CPU
		{2DA11C97-0B36-4673-9AFC-4479FDFAE389}.Release|x86.Build.0 = Release|Any CPU
		{B7AB0C5B-E5BF-48DF-A963-9C6B6BE12398}.Debug|Any CPU.ActiveCfg = Debug|Any CPU
		{B7AB0C5B-E5BF-48DF-A963-9C6B6BE12398}.Debug|Any CPU.Build.0 = Debug|Any CPU
		{B7AB0C5B-E5BF-48DF-A963-9C6B6BE12398}.Debug|ARM.ActiveCfg = Debug|Any CPU
		{B7AB0C5B-E5BF-48DF-A963-9C6B6BE12398}.Debug|ARM.Build.0 = Debug|Any CPU
		{B7AB0C5B-E5BF-48DF-A963-9C6B6BE12398}.Debug|x64.ActiveCfg = Debug|Any CPU
		{B7AB0C5B-E5BF-48DF-A963-9C6B6BE12398}.Debug|x64.Build.0 = Debug|Any CPU
		{B7AB0C5B-E5BF-48DF-A963-9C6B6BE12398}.Debug|x86.ActiveCfg = Debug|Any CPU
		{B7AB0C5B-E5BF-48DF-A963-9C6B6BE12398}.Debug|x86.Build.0 = Debug|Any CPU
		{B7AB0C5B-E5BF-48DF-A963-9C6B6BE12398}.Release|Any CPU.ActiveCfg = Release|Any CPU
		{B7AB0C5B-E5BF-48DF-A963-9C6B6BE12398}.Release|Any CPU.Build.0 = Release|Any CPU
		{B7AB0C5B-E5BF-48DF-A963-9C6B6BE12398}.Release|ARM.ActiveCfg = Release|Any CPU
		{B7AB0C5B-E5BF-48DF-A963-9C6B6BE12398}.Release|ARM.Build.0 = Release|Any CPU
		{B7AB0C5B-E5BF-48DF-A963-9C6B6BE12398}.Release|x64.ActiveCfg = Release|Any CPU
		{B7AB0C5B-E5BF-48DF-A963-9C6B6BE12398}.Release|x64.Build.0 = Release|Any CPU
		{B7AB0C5B-E5BF-48DF-A963-9C6B6BE12398}.Release|x86.ActiveCfg = Release|Any CPU
		{B7AB0C5B-E5BF-48DF-A963-9C6B6BE12398}.Release|x86.Build.0 = Release|Any CPU
		{B8FF072A-C2D6-4DB8-B8CD-98D2ECD64E1F}.Debug|Any CPU.ActiveCfg = Debug|Any CPU
		{B8FF072A-C2D6-4DB8-B8CD-98D2ECD64E1F}.Debug|Any CPU.Build.0 = Debug|Any CPU
		{B8FF072A-C2D6-4DB8-B8CD-98D2ECD64E1F}.Debug|ARM.ActiveCfg = Debug|Any CPU
		{B8FF072A-C2D6-4DB8-B8CD-98D2ECD64E1F}.Debug|ARM.Build.0 = Debug|Any CPU
		{B8FF072A-C2D6-4DB8-B8CD-98D2ECD64E1F}.Debug|x64.ActiveCfg = Debug|Any CPU
		{B8FF072A-C2D6-4DB8-B8CD-98D2ECD64E1F}.Debug|x64.Build.0 = Debug|Any CPU
		{B8FF072A-C2D6-4DB8-B8CD-98D2ECD64E1F}.Debug|x86.ActiveCfg = Debug|Any CPU
		{B8FF072A-C2D6-4DB8-B8CD-98D2ECD64E1F}.Debug|x86.Build.0 = Debug|Any CPU
		{B8FF072A-C2D6-4DB8-B8CD-98D2ECD64E1F}.Release|Any CPU.ActiveCfg = Release|Any CPU
		{B8FF072A-C2D6-4DB8-B8CD-98D2ECD64E1F}.Release|Any CPU.Build.0 = Release|Any CPU
		{B8FF072A-C2D6-4DB8-B8CD-98D2ECD64E1F}.Release|ARM.ActiveCfg = Release|Any CPU
		{B8FF072A-C2D6-4DB8-B8CD-98D2ECD64E1F}.Release|ARM.Build.0 = Release|Any CPU
		{B8FF072A-C2D6-4DB8-B8CD-98D2ECD64E1F}.Release|x64.ActiveCfg = Release|Any CPU
		{B8FF072A-C2D6-4DB8-B8CD-98D2ECD64E1F}.Release|x64.Build.0 = Release|Any CPU
		{B8FF072A-C2D6-4DB8-B8CD-98D2ECD64E1F}.Release|x86.ActiveCfg = Release|Any CPU
		{B8FF072A-C2D6-4DB8-B8CD-98D2ECD64E1F}.Release|x86.Build.0 = Release|Any CPU
		{F64BAFCD-66BE-484B-A64E-C687D27C1359}.Debug|Any CPU.ActiveCfg = Debug|Any CPU
		{F64BAFCD-66BE-484B-A64E-C687D27C1359}.Debug|Any CPU.Build.0 = Debug|Any CPU
		{F64BAFCD-66BE-484B-A64E-C687D27C1359}.Debug|ARM.ActiveCfg = Debug|Any CPU
		{F64BAFCD-66BE-484B-A64E-C687D27C1359}.Debug|ARM.Build.0 = Debug|Any CPU
		{F64BAFCD-66BE-484B-A64E-C687D27C1359}.Debug|x64.ActiveCfg = Debug|Any CPU
		{F64BAFCD-66BE-484B-A64E-C687D27C1359}.Debug|x64.Build.0 = Debug|Any CPU
		{F64BAFCD-66BE-484B-A64E-C687D27C1359}.Debug|x86.ActiveCfg = Debug|Any CPU
		{F64BAFCD-66BE-484B-A64E-C687D27C1359}.Debug|x86.Build.0 = Debug|Any CPU
		{F64BAFCD-66BE-484B-A64E-C687D27C1359}.Release|Any CPU.ActiveCfg = Release|Any CPU
		{F64BAFCD-66BE-484B-A64E-C687D27C1359}.Release|Any CPU.Build.0 = Release|Any CPU
		{F64BAFCD-66BE-484B-A64E-C687D27C1359}.Release|ARM.ActiveCfg = Release|Any CPU
		{F64BAFCD-66BE-484B-A64E-C687D27C1359}.Release|ARM.Build.0 = Release|Any CPU
		{F64BAFCD-66BE-484B-A64E-C687D27C1359}.Release|x64.ActiveCfg = Release|Any CPU
		{F64BAFCD-66BE-484B-A64E-C687D27C1359}.Release|x64.Build.0 = Release|Any CPU
		{F64BAFCD-66BE-484B-A64E-C687D27C1359}.Release|x86.ActiveCfg = Release|Any CPU
		{F64BAFCD-66BE-484B-A64E-C687D27C1359}.Release|x86.Build.0 = Release|Any CPU
		{CFCC12C5-6469-47E5-BAC3-6EB89C8EFA7C}.Debug|Any CPU.ActiveCfg = Debug|Any CPU
		{CFCC12C5-6469-47E5-BAC3-6EB89C8EFA7C}.Debug|Any CPU.Build.0 = Debug|Any CPU
		{CFCC12C5-6469-47E5-BAC3-6EB89C8EFA7C}.Debug|ARM.ActiveCfg = Debug|Any CPU
		{CFCC12C5-6469-47E5-BAC3-6EB89C8EFA7C}.Debug|ARM.Build.0 = Debug|Any CPU
		{CFCC12C5-6469-47E5-BAC3-6EB89C8EFA7C}.Debug|x64.ActiveCfg = Debug|Any CPU
		{CFCC12C5-6469-47E5-BAC3-6EB89C8EFA7C}.Debug|x64.Build.0 = Debug|Any CPU
		{CFCC12C5-6469-47E5-BAC3-6EB89C8EFA7C}.Debug|x86.ActiveCfg = Debug|Any CPU
		{CFCC12C5-6469-47E5-BAC3-6EB89C8EFA7C}.Debug|x86.Build.0 = Debug|Any CPU
		{CFCC12C5-6469-47E5-BAC3-6EB89C8EFA7C}.Release|Any CPU.ActiveCfg = Release|Any CPU
		{CFCC12C5-6469-47E5-BAC3-6EB89C8EFA7C}.Release|Any CPU.Build.0 = Release|Any CPU
		{CFCC12C5-6469-47E5-BAC3-6EB89C8EFA7C}.Release|ARM.ActiveCfg = Release|Any CPU
		{CFCC12C5-6469-47E5-BAC3-6EB89C8EFA7C}.Release|ARM.Build.0 = Release|Any CPU
		{CFCC12C5-6469-47E5-BAC3-6EB89C8EFA7C}.Release|x64.ActiveCfg = Release|Any CPU
		{CFCC12C5-6469-47E5-BAC3-6EB89C8EFA7C}.Release|x64.Build.0 = Release|Any CPU
		{CFCC12C5-6469-47E5-BAC3-6EB89C8EFA7C}.Release|x86.ActiveCfg = Release|Any CPU
		{CFCC12C5-6469-47E5-BAC3-6EB89C8EFA7C}.Release|x86.Build.0 = Release|Any CPU
		{8C0448B0-C273-4DD9-ADF2-26448C087511}.Debug|Any CPU.ActiveCfg = Debug|Any CPU
		{8C0448B0-C273-4DD9-ADF2-26448C087511}.Debug|Any CPU.Build.0 = Debug|Any CPU
		{8C0448B0-C273-4DD9-ADF2-26448C087511}.Debug|ARM.ActiveCfg = Debug|Any CPU
		{8C0448B0-C273-4DD9-ADF2-26448C087511}.Debug|ARM.Build.0 = Debug|Any CPU
		{8C0448B0-C273-4DD9-ADF2-26448C087511}.Debug|x64.ActiveCfg = Debug|Any CPU
		{8C0448B0-C273-4DD9-ADF2-26448C087511}.Debug|x64.Build.0 = Debug|Any CPU
		{8C0448B0-C273-4DD9-ADF2-26448C087511}.Debug|x86.ActiveCfg = Debug|Any CPU
		{8C0448B0-C273-4DD9-ADF2-26448C087511}.Debug|x86.Build.0 = Debug|Any CPU
		{8C0448B0-C273-4DD9-ADF2-26448C087511}.Release|Any CPU.ActiveCfg = Release|Any CPU
		{8C0448B0-C273-4DD9-ADF2-26448C087511}.Release|Any CPU.Build.0 = Release|Any CPU
		{8C0448B0-C273-4DD9-ADF2-26448C087511}.Release|ARM.ActiveCfg = Release|Any CPU
		{8C0448B0-C273-4DD9-ADF2-26448C087511}.Release|ARM.Build.0 = Release|Any CPU
		{8C0448B0-C273-4DD9-ADF2-26448C087511}.Release|x64.ActiveCfg = Release|Any CPU
		{8C0448B0-C273-4DD9-ADF2-26448C087511}.Release|x64.Build.0 = Release|Any CPU
		{8C0448B0-C273-4DD9-ADF2-26448C087511}.Release|x86.ActiveCfg = Release|Any CPU
		{8C0448B0-C273-4DD9-ADF2-26448C087511}.Release|x86.Build.0 = Release|Any CPU
		{92F4E68B-353C-4301-8558-F2C87176CEDD}.Debug|Any CPU.ActiveCfg = Debug|Any CPU
		{92F4E68B-353C-4301-8558-F2C87176CEDD}.Debug|Any CPU.Build.0 = Debug|Any CPU
		{92F4E68B-353C-4301-8558-F2C87176CEDD}.Debug|ARM.ActiveCfg = Debug|Any CPU
		{92F4E68B-353C-4301-8558-F2C87176CEDD}.Debug|ARM.Build.0 = Debug|Any CPU
		{92F4E68B-353C-4301-8558-F2C87176CEDD}.Debug|x64.ActiveCfg = Debug|Any CPU
		{92F4E68B-353C-4301-8558-F2C87176CEDD}.Debug|x64.Build.0 = Debug|Any CPU
		{92F4E68B-353C-4301-8558-F2C87176CEDD}.Debug|x86.ActiveCfg = Debug|Any CPU
		{92F4E68B-353C-4301-8558-F2C87176CEDD}.Debug|x86.Build.0 = Debug|Any CPU
		{92F4E68B-353C-4301-8558-F2C87176CEDD}.Release|Any CPU.ActiveCfg = Release|Any CPU
		{92F4E68B-353C-4301-8558-F2C87176CEDD}.Release|Any CPU.Build.0 = Release|Any CPU
		{92F4E68B-353C-4301-8558-F2C87176CEDD}.Release|ARM.ActiveCfg = Release|Any CPU
		{92F4E68B-353C-4301-8558-F2C87176CEDD}.Release|ARM.Build.0 = Release|Any CPU
		{92F4E68B-353C-4301-8558-F2C87176CEDD}.Release|x64.ActiveCfg = Release|Any CPU
		{92F4E68B-353C-4301-8558-F2C87176CEDD}.Release|x64.Build.0 = Release|Any CPU
		{92F4E68B-353C-4301-8558-F2C87176CEDD}.Release|x86.ActiveCfg = Release|Any CPU
		{92F4E68B-353C-4301-8558-F2C87176CEDD}.Release|x86.Build.0 = Release|Any CPU
		{716966AB-829E-4599-86CB-D29D2C66D3DF}.Debug|Any CPU.ActiveCfg = Debug|Any CPU
		{716966AB-829E-4599-86CB-D29D2C66D3DF}.Debug|Any CPU.Build.0 = Debug|Any CPU
		{716966AB-829E-4599-86CB-D29D2C66D3DF}.Debug|ARM.ActiveCfg = Debug|Any CPU
		{716966AB-829E-4599-86CB-D29D2C66D3DF}.Debug|ARM.Build.0 = Debug|Any CPU
		{716966AB-829E-4599-86CB-D29D2C66D3DF}.Debug|x64.ActiveCfg = Debug|Any CPU
		{716966AB-829E-4599-86CB-D29D2C66D3DF}.Debug|x64.Build.0 = Debug|Any CPU
		{716966AB-829E-4599-86CB-D29D2C66D3DF}.Debug|x86.ActiveCfg = Debug|Any CPU
		{716966AB-829E-4599-86CB-D29D2C66D3DF}.Debug|x86.Build.0 = Debug|Any CPU
		{716966AB-829E-4599-86CB-D29D2C66D3DF}.Release|Any CPU.ActiveCfg = Release|Any CPU
		{716966AB-829E-4599-86CB-D29D2C66D3DF}.Release|Any CPU.Build.0 = Release|Any CPU
		{716966AB-829E-4599-86CB-D29D2C66D3DF}.Release|ARM.ActiveCfg = Release|Any CPU
		{716966AB-829E-4599-86CB-D29D2C66D3DF}.Release|ARM.Build.0 = Release|Any CPU
		{716966AB-829E-4599-86CB-D29D2C66D3DF}.Release|x64.ActiveCfg = Release|Any CPU
		{716966AB-829E-4599-86CB-D29D2C66D3DF}.Release|x64.Build.0 = Release|Any CPU
		{716966AB-829E-4599-86CB-D29D2C66D3DF}.Release|x86.ActiveCfg = Release|Any CPU
		{716966AB-829E-4599-86CB-D29D2C66D3DF}.Release|x86.Build.0 = Release|Any CPU
		{5FC096D4-69AE-449C-BEFF-55015865FBB9}.Debug|Any CPU.ActiveCfg = Debug|Any CPU
		{5FC096D4-69AE-449C-BEFF-55015865FBB9}.Debug|Any CPU.Build.0 = Debug|Any CPU
		{5FC096D4-69AE-449C-BEFF-55015865FBB9}.Debug|ARM.ActiveCfg = Debug|Any CPU
		{5FC096D4-69AE-449C-BEFF-55015865FBB9}.Debug|ARM.Build.0 = Debug|Any CPU
		{5FC096D4-69AE-449C-BEFF-55015865FBB9}.Debug|x64.ActiveCfg = Debug|Any CPU
		{5FC096D4-69AE-449C-BEFF-55015865FBB9}.Debug|x64.Build.0 = Debug|Any CPU
		{5FC096D4-69AE-449C-BEFF-55015865FBB9}.Debug|x86.ActiveCfg = Debug|Any CPU
		{5FC096D4-69AE-449C-BEFF-55015865FBB9}.Debug|x86.Build.0 = Debug|Any CPU
		{5FC096D4-69AE-449C-BEFF-55015865FBB9}.Release|Any CPU.ActiveCfg = Release|Any CPU
		{5FC096D4-69AE-449C-BEFF-55015865FBB9}.Release|Any CPU.Build.0 = Release|Any CPU
		{5FC096D4-69AE-449C-BEFF-55015865FBB9}.Release|ARM.ActiveCfg = Release|Any CPU
		{5FC096D4-69AE-449C-BEFF-55015865FBB9}.Release|ARM.Build.0 = Release|Any CPU
		{5FC096D4-69AE-449C-BEFF-55015865FBB9}.Release|x64.ActiveCfg = Release|Any CPU
		{5FC096D4-69AE-449C-BEFF-55015865FBB9}.Release|x64.Build.0 = Release|Any CPU
		{5FC096D4-69AE-449C-BEFF-55015865FBB9}.Release|x86.ActiveCfg = Release|Any CPU
		{5FC096D4-69AE-449C-BEFF-55015865FBB9}.Release|x86.Build.0 = Release|Any CPU
		{F70902F8-B39D-4927-94E5-AD987AD868F2}.Debug|Any CPU.ActiveCfg = Debug|Any CPU
		{F70902F8-B39D-4927-94E5-AD987AD868F2}.Debug|Any CPU.Build.0 = Debug|Any CPU
		{F70902F8-B39D-4927-94E5-AD987AD868F2}.Debug|ARM.ActiveCfg = Debug|Any CPU
		{F70902F8-B39D-4927-94E5-AD987AD868F2}.Debug|ARM.Build.0 = Debug|Any CPU
		{F70902F8-B39D-4927-94E5-AD987AD868F2}.Debug|x64.ActiveCfg = Debug|Any CPU
		{F70902F8-B39D-4927-94E5-AD987AD868F2}.Debug|x64.Build.0 = Debug|Any CPU
		{F70902F8-B39D-4927-94E5-AD987AD868F2}.Debug|x86.ActiveCfg = Debug|Any CPU
		{F70902F8-B39D-4927-94E5-AD987AD868F2}.Debug|x86.Build.0 = Debug|Any CPU
		{F70902F8-B39D-4927-94E5-AD987AD868F2}.Release|Any CPU.ActiveCfg = Release|Any CPU
		{F70902F8-B39D-4927-94E5-AD987AD868F2}.Release|Any CPU.Build.0 = Release|Any CPU
		{F70902F8-B39D-4927-94E5-AD987AD868F2}.Release|ARM.ActiveCfg = Release|Any CPU
		{F70902F8-B39D-4927-94E5-AD987AD868F2}.Release|ARM.Build.0 = Release|Any CPU
		{F70902F8-B39D-4927-94E5-AD987AD868F2}.Release|x64.ActiveCfg = Release|Any CPU
		{F70902F8-B39D-4927-94E5-AD987AD868F2}.Release|x64.Build.0 = Release|Any CPU
		{F70902F8-B39D-4927-94E5-AD987AD868F2}.Release|x86.ActiveCfg = Release|Any CPU
		{F70902F8-B39D-4927-94E5-AD987AD868F2}.Release|x86.Build.0 = Release|Any CPU
		{8477A1DA-A77E-4B48-9841-8020D0A565F0}.Debug|Any CPU.ActiveCfg = Debug|Any CPU
		{8477A1DA-A77E-4B48-9841-8020D0A565F0}.Debug|Any CPU.Build.0 = Debug|Any CPU
		{8477A1DA-A77E-4B48-9841-8020D0A565F0}.Debug|ARM.ActiveCfg = Debug|Any CPU
		{8477A1DA-A77E-4B48-9841-8020D0A565F0}.Debug|ARM.Build.0 = Debug|Any CPU
		{8477A1DA-A77E-4B48-9841-8020D0A565F0}.Debug|x64.ActiveCfg = Debug|Any CPU
		{8477A1DA-A77E-4B48-9841-8020D0A565F0}.Debug|x64.Build.0 = Debug|Any CPU
		{8477A1DA-A77E-4B48-9841-8020D0A565F0}.Debug|x86.ActiveCfg = Debug|Any CPU
		{8477A1DA-A77E-4B48-9841-8020D0A565F0}.Debug|x86.Build.0 = Debug|Any CPU
		{8477A1DA-A77E-4B48-9841-8020D0A565F0}.Release|Any CPU.ActiveCfg = Release|Any CPU
		{8477A1DA-A77E-4B48-9841-8020D0A565F0}.Release|Any CPU.Build.0 = Release|Any CPU
		{8477A1DA-A77E-4B48-9841-8020D0A565F0}.Release|ARM.ActiveCfg = Release|Any CPU
		{8477A1DA-A77E-4B48-9841-8020D0A565F0}.Release|ARM.Build.0 = Release|Any CPU
		{8477A1DA-A77E-4B48-9841-8020D0A565F0}.Release|x64.ActiveCfg = Release|Any CPU
		{8477A1DA-A77E-4B48-9841-8020D0A565F0}.Release|x64.Build.0 = Release|Any CPU
		{8477A1DA-A77E-4B48-9841-8020D0A565F0}.Release|x86.ActiveCfg = Release|Any CPU
		{8477A1DA-A77E-4B48-9841-8020D0A565F0}.Release|x86.Build.0 = Release|Any CPU
		{1FE5D5A2-F193-4605-BAA4-89FB64FD581E}.Debug|Any CPU.ActiveCfg = Debug|Any CPU
		{1FE5D5A2-F193-4605-BAA4-89FB64FD581E}.Debug|Any CPU.Build.0 = Debug|Any CPU
		{1FE5D5A2-F193-4605-BAA4-89FB64FD581E}.Debug|ARM.ActiveCfg = Debug|Any CPU
		{1FE5D5A2-F193-4605-BAA4-89FB64FD581E}.Debug|ARM.Build.0 = Debug|Any CPU
		{1FE5D5A2-F193-4605-BAA4-89FB64FD581E}.Debug|x64.ActiveCfg = Debug|Any CPU
		{1FE5D5A2-F193-4605-BAA4-89FB64FD581E}.Debug|x64.Build.0 = Debug|Any CPU
		{1FE5D5A2-F193-4605-BAA4-89FB64FD581E}.Debug|x86.ActiveCfg = Debug|Any CPU
		{1FE5D5A2-F193-4605-BAA4-89FB64FD581E}.Debug|x86.Build.0 = Debug|Any CPU
		{1FE5D5A2-F193-4605-BAA4-89FB64FD581E}.Release|Any CPU.ActiveCfg = Release|Any CPU
		{1FE5D5A2-F193-4605-BAA4-89FB64FD581E}.Release|Any CPU.Build.0 = Release|Any CPU
		{1FE5D5A2-F193-4605-BAA4-89FB64FD581E}.Release|ARM.ActiveCfg = Release|Any CPU
		{1FE5D5A2-F193-4605-BAA4-89FB64FD581E}.Release|ARM.Build.0 = Release|Any CPU
		{1FE5D5A2-F193-4605-BAA4-89FB64FD581E}.Release|x64.ActiveCfg = Release|Any CPU
		{1FE5D5A2-F193-4605-BAA4-89FB64FD581E}.Release|x64.Build.0 = Release|Any CPU
		{1FE5D5A2-F193-4605-BAA4-89FB64FD581E}.Release|x86.ActiveCfg = Release|Any CPU
		{1FE5D5A2-F193-4605-BAA4-89FB64FD581E}.Release|x86.Build.0 = Release|Any CPU
		{62039827-AB52-491D-9B73-BA1B6CBDF2B4}.Debug|Any CPU.ActiveCfg = Debug|Any CPU
		{62039827-AB52-491D-9B73-BA1B6CBDF2B4}.Debug|Any CPU.Build.0 = Debug|Any CPU
		{62039827-AB52-491D-9B73-BA1B6CBDF2B4}.Debug|ARM.ActiveCfg = Debug|Any CPU
		{62039827-AB52-491D-9B73-BA1B6CBDF2B4}.Debug|ARM.Build.0 = Debug|Any CPU
		{62039827-AB52-491D-9B73-BA1B6CBDF2B4}.Debug|x64.ActiveCfg = Debug|Any CPU
		{62039827-AB52-491D-9B73-BA1B6CBDF2B4}.Debug|x64.Build.0 = Debug|Any CPU
		{62039827-AB52-491D-9B73-BA1B6CBDF2B4}.Debug|x86.ActiveCfg = Debug|Any CPU
		{62039827-AB52-491D-9B73-BA1B6CBDF2B4}.Debug|x86.Build.0 = Debug|Any CPU
		{62039827-AB52-491D-9B73-BA1B6CBDF2B4}.Release|Any CPU.ActiveCfg = Release|Any CPU
		{62039827-AB52-491D-9B73-BA1B6CBDF2B4}.Release|Any CPU.Build.0 = Release|Any CPU
		{62039827-AB52-491D-9B73-BA1B6CBDF2B4}.Release|ARM.ActiveCfg = Release|Any CPU
		{62039827-AB52-491D-9B73-BA1B6CBDF2B4}.Release|ARM.Build.0 = Release|Any CPU
		{62039827-AB52-491D-9B73-BA1B6CBDF2B4}.Release|x64.ActiveCfg = Release|Any CPU
		{62039827-AB52-491D-9B73-BA1B6CBDF2B4}.Release|x64.Build.0 = Release|Any CPU
		{62039827-AB52-491D-9B73-BA1B6CBDF2B4}.Release|x86.ActiveCfg = Release|Any CPU
		{62039827-AB52-491D-9B73-BA1B6CBDF2B4}.Release|x86.Build.0 = Release|Any CPU
		{A5B02236-69F4-4BC9-BEBE-1727B9EBF888}.Debug|Any CPU.ActiveCfg = Debug|Any CPU
		{A5B02236-69F4-4BC9-BEBE-1727B9EBF888}.Debug|Any CPU.Build.0 = Debug|Any CPU
		{A5B02236-69F4-4BC9-BEBE-1727B9EBF888}.Debug|ARM.ActiveCfg = Debug|Any CPU
		{A5B02236-69F4-4BC9-BEBE-1727B9EBF888}.Debug|ARM.Build.0 = Debug|Any CPU
		{A5B02236-69F4-4BC9-BEBE-1727B9EBF888}.Debug|x64.ActiveCfg = Debug|Any CPU
		{A5B02236-69F4-4BC9-BEBE-1727B9EBF888}.Debug|x64.Build.0 = Debug|Any CPU
		{A5B02236-69F4-4BC9-BEBE-1727B9EBF888}.Debug|x86.ActiveCfg = Debug|Any CPU
		{A5B02236-69F4-4BC9-BEBE-1727B9EBF888}.Debug|x86.Build.0 = Debug|Any CPU
		{A5B02236-69F4-4BC9-BEBE-1727B9EBF888}.Release|Any CPU.ActiveCfg = Release|Any CPU
		{A5B02236-69F4-4BC9-BEBE-1727B9EBF888}.Release|Any CPU.Build.0 = Release|Any CPU
		{A5B02236-69F4-4BC9-BEBE-1727B9EBF888}.Release|ARM.ActiveCfg = Release|Any CPU
		{A5B02236-69F4-4BC9-BEBE-1727B9EBF888}.Release|ARM.Build.0 = Release|Any CPU
		{A5B02236-69F4-4BC9-BEBE-1727B9EBF888}.Release|x64.ActiveCfg = Release|Any CPU
		{A5B02236-69F4-4BC9-BEBE-1727B9EBF888}.Release|x64.Build.0 = Release|Any CPU
		{A5B02236-69F4-4BC9-BEBE-1727B9EBF888}.Release|x86.ActiveCfg = Release|Any CPU
		{A5B02236-69F4-4BC9-BEBE-1727B9EBF888}.Release|x86.Build.0 = Release|Any CPU
		{04742004-C276-4BC1-B6CD-388C682DF28A}.Debug|Any CPU.ActiveCfg = Debug|Any CPU
		{04742004-C276-4BC1-B6CD-388C682DF28A}.Debug|Any CPU.Build.0 = Debug|Any CPU
		{04742004-C276-4BC1-B6CD-388C682DF28A}.Debug|ARM.ActiveCfg = Debug|Any CPU
		{04742004-C276-4BC1-B6CD-388C682DF28A}.Debug|ARM.Build.0 = Debug|Any CPU
		{04742004-C276-4BC1-B6CD-388C682DF28A}.Debug|x64.ActiveCfg = Debug|Any CPU
		{04742004-C276-4BC1-B6CD-388C682DF28A}.Debug|x64.Build.0 = Debug|Any CPU
		{04742004-C276-4BC1-B6CD-388C682DF28A}.Debug|x86.ActiveCfg = Debug|Any CPU
		{04742004-C276-4BC1-B6CD-388C682DF28A}.Debug|x86.Build.0 = Debug|Any CPU
		{04742004-C276-4BC1-B6CD-388C682DF28A}.Release|Any CPU.ActiveCfg = Release|Any CPU
		{04742004-C276-4BC1-B6CD-388C682DF28A}.Release|Any CPU.Build.0 = Release|Any CPU
		{04742004-C276-4BC1-B6CD-388C682DF28A}.Release|ARM.ActiveCfg = Release|Any CPU
		{04742004-C276-4BC1-B6CD-388C682DF28A}.Release|ARM.Build.0 = Release|Any CPU
		{04742004-C276-4BC1-B6CD-388C682DF28A}.Release|x64.ActiveCfg = Release|Any CPU
		{04742004-C276-4BC1-B6CD-388C682DF28A}.Release|x64.Build.0 = Release|Any CPU
		{04742004-C276-4BC1-B6CD-388C682DF28A}.Release|x86.ActiveCfg = Release|Any CPU
		{04742004-C276-4BC1-B6CD-388C682DF28A}.Release|x86.Build.0 = Release|Any CPU
	EndGlobalSection
	GlobalSection(SolutionProperties) = preSolution
		HideSolutionNode = FALSE
	EndGlobalSection
	GlobalSection(NestedProjects) = preSolution
		{1B960184-59A8-423E-85D3-1FB1A92BB126} = {B59407EE-9A82-4045-A02F-EDE2B5693E44}
		{CEC0AB76-0843-41A8-B1CF-248B046486C8} = {B91EE3C9-B1AE-42A3-A04E-2EC13E0D20C3}
		{2DA11C97-0B36-4673-9AFC-4479FDFAE389} = {B59407EE-9A82-4045-A02F-EDE2B5693E44}
		{B7AB0C5B-E5BF-48DF-A963-9C6B6BE12398} = {B59407EE-9A82-4045-A02F-EDE2B5693E44}
		{B8FF072A-C2D6-4DB8-B8CD-98D2ECD64E1F} = {B91EE3C9-B1AE-42A3-A04E-2EC13E0D20C3}
		{F64BAFCD-66BE-484B-A64E-C687D27C1359} = {B91EE3C9-B1AE-42A3-A04E-2EC13E0D20C3}
		{CFCC12C5-6469-47E5-BAC3-6EB89C8EFA7C} = {26AA029F-0DAD-4E90-A09C-21012E4F9AA4}
		{AF6E5F88-7B21-498C-B949-C77A0FFF1009} = {0A9D6872-4F74-4E7F-A8AC-38A83E74313C}
		{B91EE3C9-B1AE-42A3-A04E-2EC13E0D20C3} = {0A9D6872-4F74-4E7F-A8AC-38A83E74313C}
		{8C0448B0-C273-4DD9-ADF2-26448C087511} = {AF6E5F88-7B21-498C-B949-C77A0FFF1009}
		{92F4E68B-353C-4301-8558-F2C87176CEDD} = {53BB308D-5C44-4031-8F75-5AFBB1BCA885}
		{716966AB-829E-4599-86CB-D29D2C66D3DF} = {53BB308D-5C44-4031-8F75-5AFBB1BCA885}
		{5FC096D4-69AE-449C-BEFF-55015865FBB9} = {AF6E5F88-7B21-498C-B949-C77A0FFF1009}
		{F70902F8-B39D-4927-94E5-AD987AD868F2} = {AF6E5F88-7B21-498C-B949-C77A0FFF1009}
		{8477A1DA-A77E-4B48-9841-8020D0A565F0} = {53BB308D-5C44-4031-8F75-5AFBB1BCA885}
		{1FE5D5A2-F193-4605-BAA4-89FB64FD581E} = {AF6E5F88-7B21-498C-B949-C77A0FFF1009}
		{62039827-AB52-491D-9B73-BA1B6CBDF2B4} = {B91EE3C9-B1AE-42A3-A04E-2EC13E0D20C3}
		{36DF867F-6D0F-4851-88C5-85056264C4F7} = {0A9D6872-4F74-4E7F-A8AC-38A83E74313C}
		{A5B02236-69F4-4BC9-BEBE-1727B9EBF888} = {36DF867F-6D0F-4851-88C5-85056264C4F7}
		{04742004-C276-4BC1-B6CD-388C682DF28A} = {B91EE3C9-B1AE-42A3-A04E-2EC13E0D20C3}
	EndGlobalSection
EndGlobal
