
Microsoft Visual Studio Solution File, Format Version 12.00
# Visual Studio 14
VisualStudioVersion = 14.0.25420.1
MinimumVisualStudioVersion = 10.0.40219.1
Project("{FAE04EC0-301F-11D3-BF4B-00C04F79EFBC}") = "HIS.Editor", "HIS.Editor\HIS.Editor.csproj", "{1B960184-59A8-423E-85D3-1FB1A92BB126}"
EndProject
Project("{FAE04EC0-301F-11D3-BF4B-00C04F79EFBC}") = "HIS.WebApi.Auth", "HIS.Api\HIS.WebApi.Auth.csproj", "{CEC0AB76-0843-41A8-B1CF-248B046486C8}"
EndProject
Project("{FAE04EC0-301F-11D3-BF4B-00C04F79EFBC}") = "HIS.Preview", "HIS.Preview\HIS.Preview.csproj", "{2DA11C97-0B36-4673-9AFC-4479FDFAE389}"
EndProject
Project("{FAE04EC0-301F-11D3-BF4B-00C04F79EFBC}") = "HIS.InformationServer", "HIS.InformationServer\HIS.InformationServer.csproj", "{B7AB0C5B-E5BF-48DF-A963-9C6B6BE12398}"
EndProject
Project("{2150E333-8FDC-42A3-9474-1A3956D46DE8}") = "WebApi", "WebApi", "{0A9D6872-4F74-4E7F-A8AC-38A83E74313C}"
EndProject
Project("{FAE04EC0-301F-11D3-BF4B-00C04F79EFBC}") = "HIS.WebApi.Auth.Base", "HIS.WebApi.Helper\HIS.WebApi.Auth.Base.csproj", "{B8FF072A-C2D6-4DB8-B8CD-98D2ECD64E1F}"
EndProject
Project("{FAE04EC0-301F-11D3-BF4B-00C04F79EFBC}") = "HIS.WebApi.Auth.Base.Test", "HIS.WebApi.Helper.Test\HIS.WebApi.Auth.Base.Test.csproj", "{F64BAFCD-66BE-484B-A64E-C687D27C1359}"
EndProject
Project("{2150E333-8FDC-42A3-9474-1A3956D46DE8}") = "Onion", "Onion", "{B59407EE-9A82-4045-A02F-EDE2B5693E44}"
EndProject
Project("{2150E333-8FDC-42A3-9474-1A3956D46DE8}") = "Testing", "Testing", "{26AA029F-0DAD-4E90-A09C-21012E4F9AA4}"
EndProject
Project("{FAE04EC0-301F-11D3-BF4B-00C04F79EFBC}") = "HIS.Testing.EF", "HIS.Testing.Base\HIS.Testing.EF.csproj", "{CFCC12C5-6469-47E5-BAC3-6EB89C8EFA7C}"
EndProject
Global
	GlobalSection(SolutionConfigurationPlatforms) = preSolution
		Debug|Any CPU = Debug|Any CPU
		Release|Any CPU = Release|Any CPU
	EndGlobalSection
	GlobalSection(ProjectConfigurationPlatforms) = postSolution
		{1B960184-59A8-423E-85D3-1FB1A92BB126}.Debug|Any CPU.ActiveCfg = Debug|Any CPU
		{1B960184-59A8-423E-85D3-1FB1A92BB126}.Debug|Any CPU.Build.0 = Debug|Any CPU
		{1B960184-59A8-423E-85D3-1FB1A92BB126}.Release|Any CPU.ActiveCfg = Release|Any CPU
		{1B960184-59A8-423E-85D3-1FB1A92BB126}.Release|Any CPU.Build.0 = Release|Any CPU
		{CEC0AB76-0843-41A8-B1CF-248B046486C8}.Debug|Any CPU.ActiveCfg = Debug|Any CPU
		{CEC0AB76-0843-41A8-B1CF-248B046486C8}.Debug|Any CPU.Build.0 = Debug|Any CPU
		{CEC0AB76-0843-41A8-B1CF-248B046486C8}.Release|Any CPU.ActiveCfg = Release|Any CPU
		{CEC0AB76-0843-41A8-B1CF-248B046486C8}.Release|Any CPU.Build.0 = Release|Any CPU
		{2DA11C97-0B36-4673-9AFC-4479FDFAE389}.Debug|Any CPU.ActiveCfg = Debug|Any CPU
		{2DA11C97-0B36-4673-9AFC-4479FDFAE389}.Debug|Any CPU.Build.0 = Debug|Any CPU
		{2DA11C97-0B36-4673-9AFC-4479FDFAE389}.Release|Any CPU.ActiveCfg = Release|Any CPU
		{2DA11C97-0B36-4673-9AFC-4479FDFAE389}.Release|Any CPU.Build.0 = Release|Any CPU
		{B7AB0C5B-E5BF-48DF-A963-9C6B6BE12398}.Debug|Any CPU.ActiveCfg = Debug|Any CPU
		{B7AB0C5B-E5BF-48DF-A963-9C6B6BE12398}.Debug|Any CPU.Build.0 = Debug|Any CPU
		{B7AB0C5B-E5BF-48DF-A963-9C6B6BE12398}.Release|Any CPU.ActiveCfg = Release|Any CPU
		{B7AB0C5B-E5BF-48DF-A963-9C6B6BE12398}.Release|Any CPU.Build.0 = Release|Any CPU
		{B8FF072A-C2D6-4DB8-B8CD-98D2ECD64E1F}.Debug|Any CPU.ActiveCfg = Debug|Any CPU
		{B8FF072A-C2D6-4DB8-B8CD-98D2ECD64E1F}.Debug|Any CPU.Build.0 = Debug|Any CPU
		{B8FF072A-C2D6-4DB8-B8CD-98D2ECD64E1F}.Release|Any CPU.ActiveCfg = Release|Any CPU
		{B8FF072A-C2D6-4DB8-B8CD-98D2ECD64E1F}.Release|Any CPU.Build.0 = Release|Any CPU
		{F64BAFCD-66BE-484B-A64E-C687D27C1359}.Debug|Any CPU.ActiveCfg = Debug|Any CPU
		{F64BAFCD-66BE-484B-A64E-C687D27C1359}.Debug|Any CPU.Build.0 = Debug|Any CPU
		{F64BAFCD-66BE-484B-A64E-C687D27C1359}.Release|Any CPU.ActiveCfg = Release|Any CPU
		{F64BAFCD-66BE-484B-A64E-C687D27C1359}.Release|Any CPU.Build.0 = Release|Any CPU
		{CFCC12C5-6469-47E5-BAC3-6EB89C8EFA7C}.Debug|Any CPU.ActiveCfg = Debug|Any CPU
		{CFCC12C5-6469-47E5-BAC3-6EB89C8EFA7C}.Debug|Any CPU.Build.0 = Debug|Any CPU
		{CFCC12C5-6469-47E5-BAC3-6EB89C8EFA7C}.Release|Any CPU.ActiveCfg = Release|Any CPU
		{CFCC12C5-6469-47E5-BAC3-6EB89C8EFA7C}.Release|Any CPU.Build.0 = Release|Any CPU
	EndGlobalSection
	GlobalSection(SolutionProperties) = preSolution
		HideSolutionNode = FALSE
	EndGlobalSection
	GlobalSection(NestedProjects) = preSolution
		{1B960184-59A8-423E-85D3-1FB1A92BB126} = {B59407EE-9A82-4045-A02F-EDE2B5693E44}
		{CEC0AB76-0843-41A8-B1CF-248B046486C8} = {0A9D6872-4F74-4E7F-A8AC-38A83E74313C}
		{2DA11C97-0B36-4673-9AFC-4479FDFAE389} = {B59407EE-9A82-4045-A02F-EDE2B5693E44}
		{B7AB0C5B-E5BF-48DF-A963-9C6B6BE12398} = {B59407EE-9A82-4045-A02F-EDE2B5693E44}
		{B8FF072A-C2D6-4DB8-B8CD-98D2ECD64E1F} = {0A9D6872-4F74-4E7F-A8AC-38A83E74313C}
		{F64BAFCD-66BE-484B-A64E-C687D27C1359} = {0A9D6872-4F74-4E7F-A8AC-38A83E74313C}
		{CFCC12C5-6469-47E5-BAC3-6EB89C8EFA7C} = {26AA029F-0DAD-4E90-A09C-21012E4F9AA4}
	EndGlobalSection
EndGlobal
