
Microsoft Visual Studio Solution File, Format Version 12.00
# Visual Studio 14
VisualStudioVersion = 14.0.25420.1
MinimumVisualStudioVersion = 10.0.40219.1
Project("{FAE04EC0-301F-11D3-BF4B-00C04F79EFBC}") = "HIS.Editor", "HIS.Editor\HIS.Editor.csproj", "{1B960184-59A8-423E-85D3-1FB1A92BB126}"
EndProject
Project("{FAE04EC0-301F-11D3-BF4B-00C04F79EFBC}") = "HIS.Api", "HIS.Api\HIS.Api.csproj", "{CEC0AB76-0843-41A8-B1CF-248B046486C8}"
EndProject
Project("{FAE04EC0-301F-11D3-BF4B-00C04F79EFBC}") = "HIS.Preview", "HIS.Preview\HIS.Preview.csproj", "{2DA11C97-0B36-4673-9AFC-4479FDFAE389}"
EndProject
Project("{FAE04EC0-301F-11D3-BF4B-00C04F79EFBC}") = "HIS.InformationServer", "HIS.InformationServer\HIS.InformationServer.csproj", "{B7AB0C5B-E5BF-48DF-A963-9C6B6BE12398}"
EndProject
Project("{FAE04EC0-301F-11D3-BF4B-00C04F79EFBC}") = "HIS.ImageService", "HIs.ImageService\HIS.ImageService.csproj", "{10F22582-56FD-4F87-8A32-E3717FFD42A1}"
EndProject
Project("{2150E333-8FDC-42A3-9474-1A3956D46DE8}") = "WebApi", "WebApi", "{0A9D6872-4F74-4E7F-A8AC-38A83E74313C}"
EndProject
Project("{8BB2217D-0F2D-49D1-97BC-3654ED321F3B}") = "HIS.WebApi.Helper", "HIS.WebApi.Helper\HIS.WebApi.Helper.xproj", "{94C1E415-99BA-4949-AC55-E995E3F6361F}"
EndProject
Global
	GlobalSection(SolutionConfigurationPlatforms) = preSolution
		Debug|Any CPU = Debug|Any CPU
		Release|Any CPU = Release|Any CPU
	EndGlobalSection
	GlobalSection(ProjectConfigurationPlatforms) = postSolution
		{1B960184-59A8-423E-85D3-1FB1A92BB126}.Debug|Any CPU.ActiveCfg = Debug|Any CPU
		{1B960184-59A8-423E-85D3-1FB1A92BB126}.Debug|Any CPU.Build.0 = Debug|Any CPU
		{1B960184-59A8-423E-85D3-1FB1A92BB126}.Release|Any CPU.ActiveCfg = Release|Any CPU
		{1B960184-59A8-423E-85D3-1FB1A92BB126}.Release|Any CPU.Build.0 = Release|Any CPU
		{CEC0AB76-0843-41A8-B1CF-248B046486C8}.Debug|Any CPU.ActiveCfg = Debug|Any CPU
		{CEC0AB76-0843-41A8-B1CF-248B046486C8}.Debug|Any CPU.Build.0 = Debug|Any CPU
		{CEC0AB76-0843-41A8-B1CF-248B046486C8}.Release|Any CPU.ActiveCfg = Release|Any CPU
		{CEC0AB76-0843-41A8-B1CF-248B046486C8}.Release|Any CPU.Build.0 = Release|Any CPU
		{2DA11C97-0B36-4673-9AFC-4479FDFAE389}.Debug|Any CPU.ActiveCfg = Debug|Any CPU
		{2DA11C97-0B36-4673-9AFC-4479FDFAE389}.Debug|Any CPU.Build.0 = Debug|Any CPU
		{2DA11C97-0B36-4673-9AFC-4479FDFAE389}.Release|Any CPU.ActiveCfg = Release|Any CPU
		{2DA11C97-0B36-4673-9AFC-4479FDFAE389}.Release|Any CPU.Build.0 = Release|Any CPU
		{B7AB0C5B-E5BF-48DF-A963-9C6B6BE12398}.Debug|Any CPU.ActiveCfg = Debug|Any CPU
		{B7AB0C5B-E5BF-48DF-A963-9C6B6BE12398}.Debug|Any CPU.Build.0 = Debug|Any CPU
		{B7AB0C5B-E5BF-48DF-A963-9C6B6BE12398}.Release|Any CPU.ActiveCfg = Release|Any CPU
		{B7AB0C5B-E5BF-48DF-A963-9C6B6BE12398}.Release|Any CPU.Build.0 = Release|Any CPU
		{10F22582-56FD-4F87-8A32-E3717FFD42A1}.Debug|Any CPU.ActiveCfg = Debug|Any CPU
		{10F22582-56FD-4F87-8A32-E3717FFD42A1}.Debug|Any CPU.Build.0 = Debug|Any CPU
		{10F22582-56FD-4F87-8A32-E3717FFD42A1}.Release|Any CPU.ActiveCfg = Release|Any CPU
		{10F22582-56FD-4F87-8A32-E3717FFD42A1}.Release|Any CPU.Build.0 = Release|Any CPU
		{94C1E415-99BA-4949-AC55-E995E3F6361F}.Debug|Any CPU.ActiveCfg = Debug|Any CPU
		{94C1E415-99BA-4949-AC55-E995E3F6361F}.Debug|Any CPU.Build.0 = Debug|Any CPU
		{94C1E415-99BA-4949-AC55-E995E3F6361F}.Release|Any CPU.ActiveCfg = Release|Any CPU
		{94C1E415-99BA-4949-AC55-E995E3F6361F}.Release|Any CPU.Build.0 = Release|Any CPU
	EndGlobalSection
	GlobalSection(SolutionProperties) = preSolution
		HideSolutionNode = FALSE
	EndGlobalSection
	GlobalSection(NestedProjects) = preSolution
		{CEC0AB76-0843-41A8-B1CF-248B046486C8} = {0A9D6872-4F74-4E7F-A8AC-38A83E74313C}
		{94C1E415-99BA-4949-AC55-E995E3F6361F} = {0A9D6872-4F74-4E7F-A8AC-38A83E74313C}
	EndGlobalSection
EndGlobal
